// !$*UTF8*$!
{
	archiveVersion = 1;
	classes = {
	};
	objectVersion = 46;
	objects = {

/* Begin PBXBuildFile section */
		FDC2B3601AA98D7B00096643 /* AppDelegate.swift in Sources */ = {isa = PBXBuildFile; fileRef = FDC2B35F1AA98D7B00096643 /* AppDelegate.swift */; };
		FDC2B3621AA98D7B00096643 /* ViewController.swift in Sources */ = {isa = PBXBuildFile; fileRef = FDC2B3611AA98D7B00096643 /* ViewController.swift */; };
		FDC2B3651AA98D7B00096643 /* Main.storyboard in Resources */ = {isa = PBXBuildFile; fileRef = FDC2B3631AA98D7B00096643 /* Main.storyboard */; };
		FDC2B3671AA98D7B00096643 /* Images.xcassets in Resources */ = {isa = PBXBuildFile; fileRef = FDC2B3661AA98D7B00096643 /* Images.xcassets */; };
		FDC2B36A1AA98D7B00096643 /* LaunchScreen.xib in Resources */ = {isa = PBXBuildFile; fileRef = FDC2B3681AA98D7B00096643 /* LaunchScreen.xib */; };
		FDC2B3761AA98D7B00096643 /* work_SegueTests.swift in Sources */ = {isa = PBXBuildFile; fileRef = FDC2B3751AA98D7B00096643 /* work_SegueTests.swift */; };
/* End PBXBuildFile section */

/* Begin PBXContainerItemProxy section */
		FDC2B3701AA98D7B00096643 /* PBXContainerItemProxy */ = {
			isa = PBXContainerItemProxy;
			containerPortal = FDC2B3521AA98D7B00096643 /* Project object */;
			proxyType = 1;
			remoteGlobalIDString = FDC2B3591AA98D7B00096643;
			remoteInfo = work_Segue;
		};
/* End PBXContainerItemProxy section */

/* Begin PBXFileReference section */
		FDC2B35A1AA98D7B00096643 /* work_Segue.app */ = {isa = PBXFileReference; explicitFileType = wrapper.application; includeInIndex = 0; path = work_Segue.app; sourceTree = BUILT_PRODUCTS_DIR; };
		FDC2B35E1AA98D7B00096643 /* Info.plist */ = {isa = PBXFileReference; lastKnownFileType = text.plist.xml; path = Info.plist; sourceTree = "<group>"; };
		FDC2B35F1AA98D7B00096643 /* AppDelegate.swift */ = {isa = PBXFileReference; lastKnownFileType = sourcecode.swift; path = AppDelegate.swift; sourceTree = "<group>"; };
		FDC2B3611AA98D7B00096643 /* ViewController.swift */ = {isa = PBXFileReference; lastKnownFileType = sourcecode.swift; path = ViewController.swift; sourceTree = "<group>"; };
		FDC2B3641AA98D7B00096643 /* Base */ = {isa = PBXFileReference; lastKnownFileType = file.storyboard; name = Base; path = Base.lproj/Main.storyboard; sourceTree = "<group>"; };
		FDC2B3661AA98D7B00096643 /* Images.xcassets */ = {isa = PBXFileReference; lastKnownFileType = folder.assetcatalog; path = Images.xcassets; sourceTree = "<group>"; };
		FDC2B3691AA98D7B00096643 /* Base */ = {isa = PBXFileReference; lastKnownFileType = file.xib; name = Base; path = Base.lproj/LaunchScreen.xib; sourceTree = "<group>"; };
		FDC2B36F1AA98D7B00096643 /* work_SegueTests.xctest */ = {isa = PBXFileReference; explicitFileType = wrapper.cfbundle; includeInIndex = 0; path = work_SegueTests.xctest; sourceTree = BUILT_PRODUCTS_DIR; };
		FDC2B3741AA98D7B00096643 /* Info.plist */ = {isa = PBXFileReference; lastKnownFileType = text.plist.xml; path = Info.plist; sourceTree = "<group>"; };
		FDC2B3751AA98D7B00096643 /* work_SegueTests.swift */ = {isa = PBXFileReference; lastKnownFileType = sourcecode.swift; path = work_SegueTests.swift; sourceTree = "<group>"; };
/* End PBXFileReference section */

/* Begin PBXFrameworksBuildPhase section */
		FDC2B3571AA98D7B00096643 /* Frameworks */ = {
			isa = PBXFrameworksBuildPhase;
			buildActionMask = 2147483647;
			files = (
			);
			runOnlyForDeploymentPostprocessing = 0;
		};
		FDC2B36C1AA98D7B00096643 /* Frameworks */ = {
			isa = PBXFrameworksBuildPhase;
			buildActionMask = 2147483647;
			files = (
			);
			runOnlyForDeploymentPostprocessing = 0;
		};
/* End PBXFrameworksBuildPhase section */

/* Begin PBXGroup section */
		FDC2B3511AA98D7B00096643 = {
			isa = PBXGroup;
			children = (
				FDC2B35C1AA98D7B00096643 /* work_Segue */,
				FDC2B3721AA98D7B00096643 /* work_SegueTests */,
				FDC2B35B1AA98D7B00096643 /* Products */,
			);
			sourceTree = "<group>";
		};
		FDC2B35B1AA98D7B00096643 /* Products */ = {
			isa = PBXGroup;
			children = (
				FDC2B35A1AA98D7B00096643 /* work_Segue.app */,
				FDC2B36F1AA98D7B00096643 /* work_SegueTests.xctest */,
			);
			name = Products;
			sourceTree = "<group>";
		};
		FDC2B35C1AA98D7B00096643 /* work_Segue */ = {
			isa = PBXGroup;
			children = (
				FDC2B35F1AA98D7B00096643 /* AppDelegate.swift */,
				FDC2B3611AA98D7B00096643 /* ViewController.swift */,
				FDC2B3631AA98D7B00096643 /* Main.storyboard */,
				FDC2B3661AA98D7B00096643 /* Images.xcassets */,
				FDC2B3681AA98D7B00096643 /* LaunchScreen.xib */,
				FDC2B35D1AA98D7B00096643 /* Supporting Files */,
			);
			path = work_Segue;
			sourceTree = "<group>";
		};
		FDC2B35D1AA98D7B00096643 /* Supporting Files */ = {
			isa = PBXGroup;
			children = (
				FDC2B35E1AA98D7B00096643 /* Info.plist */,
			);
			name = "Supporting Files";
			sourceTree = "<group>";
		};
		FDC2B3721AA98D7B00096643 /* work_SegueTests */ = {
			isa = PBXGroup;
			children = (
				FDC2B3751AA98D7B00096643 /* work_SegueTests.swift */,
				FDC2B3731AA98D7B00096643 /* Supporting Files */,
			);
			path = work_SegueTests;
			sourceTree = "<group>";
		};
		FDC2B3731AA98D7B00096643 /* Supporting Files */ = {
			isa = PBXGroup;
			children = (
				FDC2B3741AA98D7B00096643 /* Info.plist */,
			);
			name = "Supporting Files";
			sourceTree = "<group>";
		};
/* End PBXGroup section */

/* Begin PBXNativeTarget section */
		FDC2B3591AA98D7B00096643 /* work_Segue */ = {
			isa = PBXNativeTarget;
			buildConfigurationList = FDC2B3791AA98D7B00096643 /* Build configuration list for PBXNativeTarget "work_Segue" */;
			buildPhases = (
				FDC2B3561AA98D7B00096643 /* Sources */,
				FDC2B3571AA98D7B00096643 /* Frameworks */,
				FDC2B3581AA98D7B00096643 /* Resources */,
			);
			buildRules = (
			);
			dependencies = (
			);
			name = work_Segue;
			productName = work_Segue;
			productReference = FDC2B35A1AA98D7B00096643 /* work_Segue.app */;
			productType = "com.apple.product-type.application";
		};
		FDC2B36E1AA98D7B00096643 /* work_SegueTests */ = {
			isa = PBXNativeTarget;
			buildConfigurationList = FDC2B37C1AA98D7B00096643 /* Build configuration list for PBXNativeTarget "work_SegueTests" */;
			buildPhases = (
				FDC2B36B1AA98D7B00096643 /* Sources */,
				FDC2B36C1AA98D7B00096643 /* Frameworks */,
				FDC2B36D1AA98D7B00096643 /* Resources */,
			);
			buildRules = (
			);
			dependencies = (
				FDC2B3711AA98D7B00096643 /* PBXTargetDependency */,
			);
			name = work_SegueTests;
			productName = work_SegueTests;
			productReference = FDC2B36F1AA98D7B00096643 /* work_SegueTests.xctest */;
			productType = "com.apple.product-type.bundle.unit-test";
		};
/* End PBXNativeTarget section */

/* Begin PBXProject section */
		FDC2B3521AA98D7B00096643 /* Project object */ = {
			isa = PBXProject;
			attributes = {
				LastUpgradeCheck = 0600;
				ORGANIZATIONNAME = iStudents;
				TargetAttributes = {
					FDC2B3591AA98D7B00096643 = {
						CreatedOnToolsVersion = 6.0;
					};
					FDC2B36E1AA98D7B00096643 = {
						CreatedOnToolsVersion = 6.0;
						TestTargetID = FDC2B3591AA98D7B00096643;
					};
				};
			};
			buildConfigurationList = FDC2B3551AA98D7B00096643 /* Build configuration list for PBXProject "work_Segue" */;
			compatibilityVersion = "Xcode 3.2";
			developmentRegion = English;
			hasScannedForEncodings = 0;
			knownRegions = (
				en,
				Base,
			);
			mainGroup = FDC2B3511AA98D7B00096643;
			productRefGroup = FDC2B35B1AA98D7B00096643 /* Products */;
			projectDirPath = "";
			projectRoot = "";
			targets = (
				FDC2B3591AA98D7B00096643 /* work_Segue */,
				FDC2B36E1AA98D7B00096643 /* work_SegueTests */,
			);
		};
/* End PBXProject section */

/* Begin PBXResourcesBuildPhase section */
		FDC2B3581AA98D7B00096643 /* Resources */ = {
			isa = PBXResourcesBuildPhase;
			buildActionMask = 2147483647;
			files = (
				FDC2B3651AA98D7B00096643 /* Main.storyboard in Resources */,
				FDC2B36A1AA98D7B00096643 /* LaunchScreen.xib in Resources */,
				FDC2B3671AA98D7B00096643 /* Images.xcassets in Resources */,
			);
			runOnlyForDeploymentPostprocessing = 0;
		};
		FDC2B36D1AA98D7B00096643 /* Resources */ = {
			isa = PBXResourcesBuildPhase;
			buildActionMask = 2147483647;
			files = (
			);
			runOnlyForDeploymentPostprocessing = 0;
		};
/* End PBXResourcesBuildPhase section */

/* Begin PBXSourcesBuildPhase section */
		FDC2B3561AA98D7B00096643 /* Sources */ = {
			isa = PBXSourcesBuildPhase;
			buildActionMask = 2147483647;
			files = (
				FDC2B3621AA98D7B00096643 /* ViewController.swift in Sources */,
				FDC2B3601AA98D7B00096643 /* AppDelegate.swift in Sources */,
			);
			runOnlyForDeploymentPostprocessing = 0;
		};
		FDC2B36B1AA98D7B00096643 /* Sources */ = {
			isa = PBXSourcesBuildPhase;
			buildActionMask = 2147483647;
			files = (
				FDC2B3761AA98D7B00096643 /* work_SegueTests.swift in Sources */,
			);
			runOnlyForDeploymentPostprocessing = 0;
		};
/* End PBXSourcesBuildPhase section */

/* Begin PBXTargetDependency section */
		FDC2B3711AA98D7B00096643 /* PBXTargetDependency */ = {
			isa = PBXTargetDependency;
			target = FDC2B3591AA98D7B00096643 /* work_Segue */;
			targetProxy = FDC2B3701AA98D7B00096643 /* PBXContainerItemProxy */;
		};
/* End PBXTargetDependency section */

/* Begin PBXVariantGroup section */
		FDC2B3631AA98D7B00096643 /* Main.storyboard */ = {
			isa = PBXVariantGroup;
			children = (
				FDC2B3641AA98D7B00096643 /* Base */,
			);
			name = Main.storyboard;
			sourceTree = "<group>";
		};
		FDC2B3681AA98D7B00096643 /* LaunchScreen.xib */ = {
			isa = PBXVariantGroup;
			children = (
				FDC2B3691AA98D7B00096643 /* Base */,
			);
			name = LaunchScreen.xib;
			sourceTree = "<group>";
		};
/* End PBXVariantGroup section */

/* Begin XCBuildConfiguration section */
		FDC2B3771AA98D7B00096643 /* Debug */ = {
			isa = XCBuildConfiguration;
			buildSettings = {
				ALWAYS_SEARCH_USER_PATHS = NO;
				CLANG_CXX_LANGUAGE_STANDARD = "gnu++0x";
				CLANG_CXX_LIBRARY = "libc++";
				CLANG_ENABLE_MODULES = YES;
				CLANG_ENABLE_OBJC_ARC = YES;
				CLANG_WARN_BOOL_CONVERSION = YES;
				CLANG_WARN_CONSTANT_CONVERSION = YES;
				CLANG_WARN_DIRECT_OBJC_ISA_USAGE = YES_ERROR;
				CLANG_WARN_EMPTY_BODY = YES;
				CLANG_WARN_ENUM_CONVERSION = YES;
				CLANG_WARN_INT_CONVERSION = YES;
				CLANG_WARN_OBJC_ROOT_CLASS = YES_ERROR;
				CLANG_WARN_UNREACHABLE_CODE = YES;
				CLANG_WARN__DUPLICATE_METHOD_MATCH = YES;
				"CODE_SIGN_IDENTITY[sdk=iphoneos*]" = "iPhone Developer";
				COPY_PHASE_STRIP = NO;
				ENABLE_STRICT_OBJC_MSGSEND = YES;
				GCC_C_LANGUAGE_STANDARD = gnu99;
				GCC_DYNAMIC_NO_PIC = NO;
				GCC_OPTIMIZATION_LEVEL = 0;
				GCC_PREPROCESSOR_DEFINITIONS = (
					"DEBUG=1",
					"$(inherited)",
				);
				GCC_SYMBOLS_PRIVATE_EXTERN = NO;
				GCC_WARN_64_TO_32_BIT_CONVERSION = YES;
				GCC_WARN_ABOUT_RETURN_TYPE = YES_ERROR;
				GCC_WARN_UNDECLARED_SELECTOR = YES;
				GCC_WARN_UNINITIALIZED_AUTOS = YES_AGGRESSIVE;
				GCC_WARN_UNUSED_FUNCTION = YES;
				GCC_WARN_UNUSED_VARIABLE = YES;
				IPHONEOS_DEPLOYMENT_TARGET = 8.0;
				MTL_ENABLE_DEBUG_INFO = YES;
				ONLY_ACTIVE_ARCH = YES;
				SDKROOT = iphoneos;
				SWIFT_OPTIMIZATION_LEVEL = "-Onone";
			};
			name = Debug;
		};
		FDC2B3781AA98D7B00096643 /* Release */ = {
			isa = XCBuildConfiguration;
			buildSettings = {
				ALWAYS_SEARCH_USER_PATHS = NO;
				CLANG_CXX_LANGUAGE_STANDARD = "gnu++0x";
				CLANG_CXX_LIBRARY = "libc++";
				CLANG_ENABLE_MODULES = YES;
				CLANG_ENABLE_OBJC_ARC = YES;
				CLANG_WARN_BOOL_CONVERSION = YES;
				CLANG_WARN_CONSTANT_CONVERSION = YES;
				CLANG_WARN_DIRECT_OBJC_ISA_USAGE = YES_ERROR;
				CLANG_WARN_EMPTY_BODY = YES;
				CLANG_WARN_ENUM_CONVERSION = YES;
				CLANG_WARN_INT_CONVERSION = YES;
				CLANG_WARN_OBJC_ROOT_CLASS = YES_ERROR;
				CLANG_WARN_UNREACHABLE_CODE = YES;
				CLANG_WARN__DUPLICATE_METHOD_MATCH = YES;
				"CODE_SIGN_IDENTITY[sdk=iphoneos*]" = "iPhone Developer";
				COPY_PHASE_STRIP = YES;
				ENABLE_NS_ASSERTIONS = NO;
				ENABLE_STRICT_OBJC_MSGSEND = YES;
				GCC_C_LANGUAGE_STANDARD = gnu99;
				GCC_WARN_64_TO_32_BIT_CONVERSION = YES;
				GCC_WARN_ABOUT_RETURN_TYPE = YES_ERROR;
				GCC_WARN_UNDECLARED_SELECTOR = YES;
				GCC_WARN_UNINITIALIZED_AUTOS = YES_AGGRESSIVE;
				GCC_WARN_UNUSED_FUNCTION = YES;
				GCC_WARN_UNUSED_VARIABLE = YES;
				IPHONEOS_DEPLOYMENT_TARGET = 8.0;
				MTL_ENABLE_DEBUG_INFO = NO;
				SDKROOT = iphoneos;
				VALIDATE_PRODUCT = YES;
			};
			name = Release;
		};
		FDC2B37A1AA98D7B00096643 /* Debug */ = {
			isa = XCBuildConfiguration;
			buildSettings = {
				ASSETCATALOG_COMPILER_APPICON_NAME = AppIcon;
				INFOPLIST_FILE = work_Segue/Info.plist;
				LD_RUNPATH_SEARCH_PATHS = "$(inherited) @executable_path/Frameworks";
				PRODUCT_NAME = "$(TARGET_NAME)";
			};
			name = Debug;
		};
		FDC2B37B1AA98D7B00096643 /* Release */ = {
			isa = XCBuildConfiguration;
			buildSettings = {
				ASSETCATALOG_COMPILER_APPICON_NAME = AppIcon;
				INFOPLIST_FILE = work_Segue/Info.plist;
				LD_RUNPATH_SEARCH_PATHS = "$(inherited) @executable_path/Frameworks";
				PRODUCT_NAME = "$(TARGET_NAME)";
			};
			name = Release;
		};
		FDC2B37D1AA98D7B00096643 /* Debug */ = {
			isa = XCBuildConfiguration;
			buildSettings = {
				BUNDLE_LOADER = "$(TEST_HOST)";
				FRAMEWORK_SEARCH_PATHS = (
					"$(SDKROOT)/Developer/Library/Frameworks",
					"$(inherited)",
				);
				GCC_PREPROCESSOR_DEFINITIONS = (
					"DEBUG=1",
					"$(inherited)",
				);
				INFOPLIST_FILE = work_SegueTests/Info.plist;
				LD_RUNPATH_SEARCH_PATHS = "$(inherited) @executable_path/Frameworks @loader_path/Frameworks";
				PRODUCT_NAME = "$(TARGET_NAME)";
				TEST_HOST = "$(BUILT_PRODUCTS_DIR)/work_Segue.app/work_Segue";
			};
			name = Debug;
		};
		FDC2B37E1AA98D7B00096643 /* Release */ = {
			isa = XCBuildConfiguration;
			buildSettings = {
				BUNDLE_LOADER = "$(TEST_HOST)";
				FRAMEWORK_SEARCH_PATHS = (
					"$(SDKROOT)/Developer/Library/Frameworks",
					"$(inherited)",
				);
				INFOPLIST_FILE = work_SegueTests/Info.plist;
				LD_RUNPATH_SEARCH_PATHS = "$(inherited) @executable_path/Frameworks @loader_path/Frameworks";
				PRODUCT_NAME = "$(TARGET_NAME)";
				TEST_HOST = "$(BUILT_PRODUCTS_DIR)/work_Segue.app/work_Segue";
			};
			name = Release;
		};
/* End XCBuildConfiguration section */

/* Begin XCConfigurationList section */
		FDC2B3551AA98D7B00096643 /* Build configuration list for PBXProject "work_Segue" */ = {
			isa = XCConfigurationList;
			buildConfigurations = (
				FDC2B3771AA98D7B00096643 /* Debug */,
				FDC2B3781AA98D7B00096643 /* Release */,
			);
			defaultConfigurationIsVisible = 0;
			defaultConfigurationName = Release;
		};
		FDC2B3791AA98D7B00096643 /* Build configuration list for PBXNativeTarget "work_Segue" */ = {
			isa = XCConfigurationList;
			buildConfigurations = (
				FDC2B37A1AA98D7B00096643 /* Debug */,
				FDC2B37B1AA98D7B00096643 /* Release */,
			);
			defaultConfigurationIsVisible = 0;
		};
		FDC2B37C1AA98D7B00096643 /* Build configuration list for PBXNativeTarget "work_SegueTests" */ = {
			isa = XCConfigurationList;
			buildConfigurations = (
				FDC2B37D1AA98D7B00096643 /* Debug */,
				FDC2B37E1AA98D7B00096643 /* Release */,
			);
			defaultConfigurationIsVisible = 0;
		};
/* End XCConfigurationList section */
	};
	rootObject = FDC2B3521AA98D7B00096643 /* Project object */;
}
