// !$*UTF8*$!
{
	archiveVersion = 1;
	classes = {
	};
	objectVersion = 46;
	objects = {

/* Begin PBXBuildFile section */
		FD02757F1A9718B700C93087 /* AppDelegate.swift in Sources */ = {isa = PBXBuildFile; fileRef = FD02757E1A9718B700C93087 /* AppDelegate.swift */; };
		FD0275811A9718B700C93087 /* ViewController.swift in Sources */ = {isa = PBXBuildFile; fileRef = FD0275801A9718B700C93087 /* ViewController.swift */; };
		FD0275841A9718B700C93087 /* Main.storyboard in Resources */ = {isa = PBXBuildFile; fileRef = FD0275821A9718B700C93087 /* Main.storyboard */; };
		FD0275861A9718B700C93087 /* Images.xcassets in Resources */ = {isa = PBXBuildFile; fileRef = FD0275851A9718B700C93087 /* Images.xcassets */; };
		FD0275891A9718B700C93087 /* LaunchScreen.xib in Resources */ = {isa = PBXBuildFile; fileRef = FD0275871A9718B700C93087 /* LaunchScreen.xib */; };
		FD0275951A9718B700C93087 /* CoreImageViewTests.swift in Sources */ = {isa = PBXBuildFile; fileRef = FD0275941A9718B700C93087 /* CoreImageViewTests.swift */; };
		FD02759F1A97320500C93087 /* image.png in Resources */ = {isa = PBXBuildFile; fileRef = FD02759E1A97320500C93087 /* image.png */; };
/* End PBXBuildFile section */

/* Begin PBXContainerItemProxy section */
		FD02758F1A9718B700C93087 /* PBXContainerItemProxy */ = {
			isa = PBXContainerItemProxy;
			containerPortal = FD0275711A9718B700C93087 /* Project object */;
			proxyType = 1;
			remoteGlobalIDString = FD0275781A9718B700C93087;
			remoteInfo = CoreImageView;
		};
/* End PBXContainerItemProxy section */

/* Begin PBXFileReference section */
		FD0275791A9718B700C93087 /* CoreImageView.app */ = {isa = PBXFileReference; explicitFileType = wrapper.application; includeInIndex = 0; path = CoreImageView.app; sourceTree = BUILT_PRODUCTS_DIR; };
		FD02757D1A9718B700C93087 /* Info.plist */ = {isa = PBXFileReference; lastKnownFileType = text.plist.xml; path = Info.plist; sourceTree = "<group>"; };
		FD02757E1A9718B700C93087 /* AppDelegate.swift */ = {isa = PBXFileReference; lastKnownFileType = sourcecode.swift; path = AppDelegate.swift; sourceTree = "<group>"; };
		FD0275801A9718B700C93087 /* ViewController.swift */ = {isa = PBXFileReference; lastKnownFileType = sourcecode.swift; path = ViewController.swift; sourceTree = "<group>"; };
		FD0275831A9718B700C93087 /* Base */ = {isa = PBXFileReference; lastKnownFileType = file.storyboard; name = Base; path = Base.lproj/Main.storyboard; sourceTree = "<group>"; };
		FD0275851A9718B700C93087 /* Images.xcassets */ = {isa = PBXFileReference; lastKnownFileType = folder.assetcatalog; path = Images.xcassets; sourceTree = "<group>"; };
		FD0275881A9718B700C93087 /* Base */ = {isa = PBXFileReference; lastKnownFileType = file.xib; name = Base; path = Base.lproj/LaunchScreen.xib; sourceTree = "<group>"; };
		FD02758E1A9718B700C93087 /* CoreImageViewTests.xctest */ = {isa = PBXFileReference; explicitFileType = wrapper.cfbundle; includeInIndex = 0; path = CoreImageViewTests.xctest; sourceTree = BUILT_PRODUCTS_DIR; };
		FD0275931A9718B700C93087 /* Info.plist */ = {isa = PBXFileReference; lastKnownFileType = text.plist.xml; path = Info.plist; sourceTree = "<group>"; };
		FD0275941A9718B700C93087 /* CoreImageViewTests.swift */ = {isa = PBXFileReference; lastKnownFileType = sourcecode.swift; path = CoreImageViewTests.swift; sourceTree = "<group>"; };
		FD02759E1A97320500C93087 /* image.png */ = {isa = PBXFileReference; lastKnownFileType = image.png; path = image.png; sourceTree = "<group>"; };
/* End PBXFileReference section */

/* Begin PBXFrameworksBuildPhase section */
		FD0275761A9718B700C93087 /* Frameworks */ = {
			isa = PBXFrameworksBuildPhase;
			buildActionMask = 2147483647;
			files = (
			);
			runOnlyForDeploymentPostprocessing = 0;
		};
		FD02758B1A9718B700C93087 /* Frameworks */ = {
			isa = PBXFrameworksBuildPhase;
			buildActionMask = 2147483647;
			files = (
			);
			runOnlyForDeploymentPostprocessing = 0;
		};
/* End PBXFrameworksBuildPhase section */

/* Begin PBXGroup section */
		FD0275701A9718B700C93087 = {
			isa = PBXGroup;
			children = (
				FD02757B1A9718B700C93087 /* CoreImageView */,
				FD0275911A9718B700C93087 /* CoreImageViewTests */,
				FD02757A1A9718B700C93087 /* Products */,
			);
			sourceTree = "<group>";
		};
		FD02757A1A9718B700C93087 /* Products */ = {
			isa = PBXGroup;
			children = (
				FD0275791A9718B700C93087 /* CoreImageView.app */,
				FD02758E1A9718B700C93087 /* CoreImageViewTests.xctest */,
			);
			name = Products;
			sourceTree = "<group>";
		};
		FD02757B1A9718B700C93087 /* CoreImageView */ = {
			isa = PBXGroup;
			children = (
				FD02757E1A9718B700C93087 /* AppDelegate.swift */,
				FD0275801A9718B700C93087 /* ViewController.swift */,
				FD0275821A9718B700C93087 /* Main.storyboard */,
				FD0275851A9718B700C93087 /* Images.xcassets */,
				FD0275871A9718B700C93087 /* LaunchScreen.xib */,
				FD02757C1A9718B700C93087 /* Supporting Files */,
			);
			path = CoreImageView;
			sourceTree = "<group>";
		};
		FD02757C1A9718B700C93087 /* Supporting Files */ = {
			isa = PBXGroup;
			children = (
				FD02759E1A97320500C93087 /* image.png */,
				FD02757D1A9718B700C93087 /* Info.plist */,
			);
			name = "Supporting Files";
			sourceTree = "<group>";
		};
		FD0275911A9718B700C93087 /* CoreImageViewTests */ = {
			isa = PBXGroup;
			children = (
				FD0275941A9718B700C93087 /* CoreImageViewTests.swift */,
				FD0275921A9718B700C93087 /* Supporting Files */,
			);
			path = CoreImageViewTests;
			sourceTree = "<group>";
		};
		FD0275921A9718B700C93087 /* Supporting Files */ = {
			isa = PBXGroup;
			children = (
				FD0275931A9718B700C93087 /* Info.plist */,
			);
			name = "Supporting Files";
			sourceTree = "<group>";
		};
/* End PBXGroup section */

/* Begin PBXNativeTarget section */
		FD0275781A9718B700C93087 /* CoreImageView */ = {
			isa = PBXNativeTarget;
			buildConfigurationList = FD0275981A9718B700C93087 /* Build configuration list for PBXNativeTarget "CoreImageView" */;
			buildPhases = (
				FD0275751A9718B700C93087 /* Sources */,
				FD0275761A9718B700C93087 /* Frameworks */,
				FD0275771A9718B700C93087 /* Resources */,
			);
			buildRules = (
			);
			dependencies = (
			);
			name = CoreImageView;
			productName = CoreImageView;
			productReference = FD0275791A9718B700C93087 /* CoreImageView.app */;
			productType = "com.apple.product-type.application";
		};
		FD02758D1A9718B700C93087 /* CoreImageViewTests */ = {
			isa = PBXNativeTarget;
			buildConfigurationList = FD02759B1A9718B700C93087 /* Build configuration list for PBXNativeTarget "CoreImageViewTests" */;
			buildPhases = (
				FD02758A1A9718B700C93087 /* Sources */,
				FD02758B1A9718B700C93087 /* Frameworks */,
				FD02758C1A9718B700C93087 /* Resources */,
			);
			buildRules = (
			);
			dependencies = (
				FD0275901A9718B700C93087 /* PBXTargetDependency */,
			);
			name = CoreImageViewTests;
			productName = CoreImageViewTests;
			productReference = FD02758E1A9718B700C93087 /* CoreImageViewTests.xctest */;
			productType = "com.apple.product-type.bundle.unit-test";
		};
/* End PBXNativeTarget section */

/* Begin PBXProject section */
		FD0275711A9718B700C93087 /* Project object */ = {
			isa = PBXProject;
			attributes = {
				LastUpgradeCheck = 0600;
				ORGANIZATIONNAME = iStudents;
				TargetAttributes = {
					FD0275781A9718B700C93087 = {
						CreatedOnToolsVersion = 6.0;
					};
					FD02758D1A9718B700C93087 = {
						CreatedOnToolsVersion = 6.0;
						TestTargetID = FD0275781A9718B700C93087;
					};
				};
			};
			buildConfigurationList = FD0275741A9718B700C93087 /* Build configuration list for PBXProject "CoreImageView" */;
			compatibilityVersion = "Xcode 3.2";
			developmentRegion = English;
			hasScannedForEncodings = 0;
			knownRegions = (
				en,
				Base,
			);
			mainGroup = FD0275701A9718B700C93087;
			productRefGroup = FD02757A1A9718B700C93087 /* Products */;
			projectDirPath = "";
			projectRoot = "";
			targets = (
				FD0275781A9718B700C93087 /* CoreImageView */,
				FD02758D1A9718B700C93087 /* CoreImageViewTests */,
			);
		};
/* End PBXProject section */

/* Begin PBXResourcesBuildPhase section */
		FD0275771A9718B700C93087 /* Resources */ = {
			isa = PBXResourcesBuildPhase;
			buildActionMask = 2147483647;
			files = (
				FD0275841A9718B700C93087 /* Main.storyboard in Resources */,
				FD0275891A9718B700C93087 /* LaunchScreen.xib in Resources */,
				FD0275861A9718B700C93087 /* Images.xcassets in Resources */,
				FD02759F1A97320500C93087 /* image.png in Resources */,
			);
			runOnlyForDeploymentPostprocessing = 0;
		};
		FD02758C1A9718B700C93087 /* Resources */ = {
			isa = PBXResourcesBuildPhase;
			buildActionMask = 2147483647;
			files = (
			);
			runOnlyForDeploymentPostprocessing = 0;
		};
/* End PBXResourcesBuildPhase section */

/* Begin PBXSourcesBuildPhase section */
		FD0275751A9718B700C93087 /* Sources */ = {
			isa = PBXSourcesBuildPhase;
			buildActionMask = 2147483647;
			files = (
				FD0275811A9718B700C93087 /* ViewController.swift in Sources */,
				FD02757F1A9718B700C93087 /* AppDelegate.swift in Sources */,
			);
			runOnlyForDeploymentPostprocessing = 0;
		};
		FD02758A1A9718B700C93087 /* Sources */ = {
			isa = PBXSourcesBuildPhase;
			buildActionMask = 2147483647;
			files = (
				FD0275951A9718B700C93087 /* CoreImageViewTests.swift in Sources */,
			);
			runOnlyForDeploymentPostprocessing = 0;
		};
/* End PBXSourcesBuildPhase section */

/* Begin PBXTargetDependency section */
		FD0275901A9718B700C93087 /* PBXTargetDependency */ = {
			isa = PBXTargetDependency;
			target = FD0275781A9718B700C93087 /* CoreImageView */;
			targetProxy = FD02758F1A9718B700C93087 /* PBXContainerItemProxy */;
		};
/* End PBXTargetDependency section */

/* Begin PBXVariantGroup section */
		FD0275821A9718B700C93087 /* Main.storyboard */ = {
			isa = PBXVariantGroup;
			children = (
				FD0275831A9718B700C93087 /* Base */,
			);
			name = Main.storyboard;
			sourceTree = "<group>";
		};
		FD0275871A9718B700C93087 /* LaunchScreen.xib */ = {
			isa = PBXVariantGroup;
			children = (
				FD0275881A9718B700C93087 /* Base */,
			);
			name = LaunchScreen.xib;
			sourceTree = "<group>";
		};
/* End PBXVariantGroup section */

/* Begin XCBuildConfiguration section */
		FD0275961A9718B700C93087 /* Debug */ = {
			isa = XCBuildConfiguration;
			buildSettings = {
				ALWAYS_SEARCH_USER_PATHS = NO;
				CLANG_CXX_LANGUAGE_STANDARD = "gnu++0x";
				CLANG_CXX_LIBRARY = "libc++";
				CLANG_ENABLE_MODULES = YES;
				CLANG_ENABLE_OBJC_ARC = YES;
				CLANG_WARN_BOOL_CONVERSION = YES;
				CLANG_WARN_CONSTANT_CONVERSION = YES;
				CLANG_WARN_DIRECT_OBJC_ISA_USAGE = YES_ERROR;
				CLANG_WARN_EMPTY_BODY = YES;
				CLANG_WARN_ENUM_CONVERSION = YES;
				CLANG_WARN_INT_CONVERSION = YES;
				CLANG_WARN_OBJC_ROOT_CLASS = YES_ERROR;
				CLANG_WARN_UNREACHABLE_CODE = YES;
				CLANG_WARN__DUPLICATE_METHOD_MATCH = YES;
				"CODE_SIGN_IDENTITY[sdk=iphoneos*]" = "iPhone Developer";
				COPY_PHASE_STRIP = NO;
				ENABLE_STRICT_OBJC_MSGSEND = YES;
				GCC_C_LANGUAGE_STANDARD = gnu99;
				GCC_DYNAMIC_NO_PIC = NO;
				GCC_OPTIMIZATION_LEVEL = 0;
				GCC_PREPROCESSOR_DEFINITIONS = (
					"DEBUG=1",
					"$(inherited)",
				);
				GCC_SYMBOLS_PRIVATE_EXTERN = NO;
				GCC_WARN_64_TO_32_BIT_CONVERSION = YES;
				GCC_WARN_ABOUT_RETURN_TYPE = YES_ERROR;
				GCC_WARN_UNDECLARED_SELECTOR = YES;
				GCC_WARN_UNINITIALIZED_AUTOS = YES_AGGRESSIVE;
				GCC_WARN_UNUSED_FUNCTION = YES;
				GCC_WARN_UNUSED_VARIABLE = YES;
				IPHONEOS_DEPLOYMENT_TARGET = 8.0;
				MTL_ENABLE_DEBUG_INFO = YES;
				ONLY_ACTIVE_ARCH = YES;
				SDKROOT = iphoneos;
				SWIFT_OPTIMIZATION_LEVEL = "-Onone";
			};
			name = Debug;
		};
		FD0275971A9718B700C93087 /* Release */ = {
			isa = XCBuildConfiguration;
			buildSettings = {
				ALWAYS_SEARCH_USER_PATHS = NO;
				CLANG_CXX_LANGUAGE_STANDARD = "gnu++0x";
				CLANG_CXX_LIBRARY = "libc++";
				CLANG_ENABLE_MODULES = YES;
				CLANG_ENABLE_OBJC_ARC = YES;
				CLANG_WARN_BOOL_CONVERSION = YES;
				CLANG_WARN_CONSTANT_CONVERSION = YES;
				CLANG_WARN_DIRECT_OBJC_ISA_USAGE = YES_ERROR;
				CLANG_WARN_EMPTY_BODY = YES;
				CLANG_WARN_ENUM_CONVERSION = YES;
				CLANG_WARN_INT_CONVERSION = YES;
				CLANG_WARN_OBJC_ROOT_CLASS = YES_ERROR;
				CLANG_WARN_UNREACHABLE_CODE = YES;
				CLANG_WARN__DUPLICATE_METHOD_MATCH = YES;
				"CODE_SIGN_IDENTITY[sdk=iphoneos*]" = "iPhone Developer";
				COPY_PHASE_STRIP = YES;
				ENABLE_NS_ASSERTIONS = NO;
				ENABLE_STRICT_OBJC_MSGSEND = YES;
				GCC_C_LANGUAGE_STANDARD = gnu99;
				GCC_WARN_64_TO_32_BIT_CONVERSION = YES;
				GCC_WARN_ABOUT_RETURN_TYPE = YES_ERROR;
				GCC_WARN_UNDECLARED_SELECTOR = YES;
				GCC_WARN_UNINITIALIZED_AUTOS = YES_AGGRESSIVE;
				GCC_WARN_UNUSED_FUNCTION = YES;
				GCC_WARN_UNUSED_VARIABLE = YES;
				IPHONEOS_DEPLOYMENT_TARGET = 8.0;
				MTL_ENABLE_DEBUG_INFO = NO;
				SDKROOT = iphoneos;
				VALIDATE_PRODUCT = YES;
			};
			name = Release;
		};
		FD0275991A9718B700C93087 /* Debug */ = {
			isa = XCBuildConfiguration;
			buildSettings = {
				ASSETCATALOG_COMPILER_APPICON_NAME = AppIcon;
				INFOPLIST_FILE = CoreImageView/Info.plist;
				LD_RUNPATH_SEARCH_PATHS = "$(inherited) @executable_path/Frameworks";
				PRODUCT_NAME = "$(TARGET_NAME)";
			};
			name = Debug;
		};
		FD02759A1A9718B700C93087 /* Release */ = {
			isa = XCBuildConfiguration;
			buildSettings = {
				ASSETCATALOG_COMPILER_APPICON_NAME = AppIcon;
				INFOPLIST_FILE = CoreImageView/Info.plist;
				LD_RUNPATH_SEARCH_PATHS = "$(inherited) @executable_path/Frameworks";
				PRODUCT_NAME = "$(TARGET_NAME)";
			};
			name = Release;
		};
		FD02759C1A9718B700C93087 /* Debug */ = {
			isa = XCBuildConfiguration;
			buildSettings = {
				BUNDLE_LOADER = "$(TEST_HOST)";
				FRAMEWORK_SEARCH_PATHS = (
					"$(SDKROOT)/Developer/Library/Frameworks",
					"$(inherited)",
				);
				GCC_PREPROCESSOR_DEFINITIONS = (
					"DEBUG=1",
					"$(inherited)",
				);
				INFOPLIST_FILE = CoreImageViewTests/Info.plist;
				LD_RUNPATH_SEARCH_PATHS = "$(inherited) @executable_path/Frameworks @loader_path/Frameworks";
				PRODUCT_NAME = "$(TARGET_NAME)";
				TEST_HOST = "$(BUILT_PRODUCTS_DIR)/CoreImageView.app/CoreImageView";
			};
			name = Debug;
		};
		FD02759D1A9718B700C93087 /* Release */ = {
			isa = XCBuildConfiguration;
			buildSettings = {
				BUNDLE_LOADER = "$(TEST_HOST)";
				FRAMEWORK_SEARCH_PATHS = (
					"$(SDKROOT)/Developer/Library/Frameworks",
					"$(inherited)",
				);
				INFOPLIST_FILE = CoreImageViewTests/Info.plist;
				LD_RUNPATH_SEARCH_PATHS = "$(inherited) @executable_path/Frameworks @loader_path/Frameworks";
				PRODUCT_NAME = "$(TARGET_NAME)";
				TEST_HOST = "$(BUILT_PRODUCTS_DIR)/CoreImageView.app/CoreImageView";
			};
			name = Release;
		};
/* End XCBuildConfiguration section */

/* Begin XCConfigurationList section */
		FD0275741A9718B700C93087 /* Build configuration list for PBXProject "CoreImageView" */ = {
			isa = XCConfigurationList;
			buildConfigurations = (
				FD0275961A9718B700C93087 /* Debug */,
				FD0275971A9718B700C93087 /* Release */,
			);
			defaultConfigurationIsVisible = 0;
			defaultConfigurationName = Release;
		};
		FD0275981A9718B700C93087 /* Build configuration list for PBXNativeTarget "CoreImageView" */ = {
			isa = XCConfigurationList;
			buildConfigurations = (
				FD0275991A9718B700C93087 /* Debug */,
				FD02759A1A9718B700C93087 /* Release */,
			);
			defaultConfigurationIsVisible = 0;
		};
		FD02759B1A9718B700C93087 /* Build configuration list for PBXNativeTarget "CoreImageViewTests" */ = {
			isa = XCConfigurationList;
			buildConfigurations = (
				FD02759C1A9718B700C93087 /* Debug */,
				FD02759D1A9718B700C93087 /* Release */,
			);
			defaultConfigurationIsVisible = 0;
		};
/* End XCConfigurationList section */
	};
	rootObject = FD0275711A9718B700C93087 /* Project object */;
}
