// !$*UTF8*$!
{
	archiveVersion = 1;
	classes = {
	};
	objectVersion = 46;
	objects = {

/* Begin PBXBuildFile section */
		FD7CEB111AB2B81400196D24 /* AppDelegate.swift in Sources */ = {isa = PBXBuildFile; fileRef = FD7CEB101AB2B81400196D24 /* AppDelegate.swift */; };
		FD7CEB131AB2B81400196D24 /* ViewController.swift in Sources */ = {isa = PBXBuildFile; fileRef = FD7CEB121AB2B81400196D24 /* ViewController.swift */; };
		FD7CEB161AB2B81400196D24 /* Main.storyboard in Resources */ = {isa = PBXBuildFile; fileRef = FD7CEB141AB2B81400196D24 /* Main.storyboard */; };
		FD7CEB181AB2B81400196D24 /* Images.xcassets in Resources */ = {isa = PBXBuildFile; fileRef = FD7CEB171AB2B81400196D24 /* Images.xcassets */; };
		FD7CEB1B1AB2B81400196D24 /* LaunchScreen.xib in Resources */ = {isa = PBXBuildFile; fileRef = FD7CEB191AB2B81400196D24 /* LaunchScreen.xib */; };
		FD7CEB271AB2B81400196D24 /* Exam1_55011212165Tests.swift in Sources */ = {isa = PBXBuildFile; fileRef = FD7CEB261AB2B81400196D24 /* Exam1_55011212165Tests.swift */; };
/* End PBXBuildFile section */

/* Begin PBXContainerItemProxy section */
		FD7CEB211AB2B81400196D24 /* PBXContainerItemProxy */ = {
			isa = PBXContainerItemProxy;
			containerPortal = FD7CEB031AB2B81400196D24 /* Project object */;
			proxyType = 1;
			remoteGlobalIDString = FD7CEB0A1AB2B81400196D24;
			remoteInfo = Exam1_55011212165;
		};
/* End PBXContainerItemProxy section */

/* Begin PBXFileReference section */
		FD7CEB0B1AB2B81400196D24 /* Exam1_55011212165.app */ = {isa = PBXFileReference; explicitFileType = wrapper.application; includeInIndex = 0; path = Exam1_55011212165.app; sourceTree = BUILT_PRODUCTS_DIR; };
		FD7CEB0F1AB2B81400196D24 /* Info.plist */ = {isa = PBXFileReference; lastKnownFileType = text.plist.xml; path = Info.plist; sourceTree = "<group>"; };
		FD7CEB101AB2B81400196D24 /* AppDelegate.swift */ = {isa = PBXFileReference; lastKnownFileType = sourcecode.swift; path = AppDelegate.swift; sourceTree = "<group>"; };
		FD7CEB121AB2B81400196D24 /* ViewController.swift */ = {isa = PBXFileReference; lastKnownFileType = sourcecode.swift; path = ViewController.swift; sourceTree = "<group>"; };
		FD7CEB151AB2B81400196D24 /* Base */ = {isa = PBXFileReference; lastKnownFileType = file.storyboard; name = Base; path = Base.lproj/Main.storyboard; sourceTree = "<group>"; };
		FD7CEB171AB2B81400196D24 /* Images.xcassets */ = {isa = PBXFileReference; lastKnownFileType = folder.assetcatalog; path = Images.xcassets; sourceTree = "<group>"; };
		FD7CEB1A1AB2B81400196D24 /* Base */ = {isa = PBXFileReference; lastKnownFileType = file.xib; name = Base; path = Base.lproj/LaunchScreen.xib; sourceTree = "<group>"; };
		FD7CEB201AB2B81400196D24 /* Exam1_55011212165Tests.xctest */ = {isa = PBXFileReference; explicitFileType = wrapper.cfbundle; includeInIndex = 0; path = Exam1_55011212165Tests.xctest; sourceTree = BUILT_PRODUCTS_DIR; };
		FD7CEB251AB2B81400196D24 /* Info.plist */ = {isa = PBXFileReference; lastKnownFileType = text.plist.xml; path = Info.plist; sourceTree = "<group>"; };
		FD7CEB261AB2B81400196D24 /* Exam1_55011212165Tests.swift */ = {isa = PBXFileReference; lastKnownFileType = sourcecode.swift; path = Exam1_55011212165Tests.swift; sourceTree = "<group>"; };
/* End PBXFileReference section */

/* Begin PBXFrameworksBuildPhase section */
		FD7CEB081AB2B81400196D24 /* Frameworks */ = {
			isa = PBXFrameworksBuildPhase;
			buildActionMask = 2147483647;
			files = (
			);
			runOnlyForDeploymentPostprocessing = 0;
		};
		FD7CEB1D1AB2B81400196D24 /* Frameworks */ = {
			isa = PBXFrameworksBuildPhase;
			buildActionMask = 2147483647;
			files = (
			);
			runOnlyForDeploymentPostprocessing = 0;
		};
/* End PBXFrameworksBuildPhase section */

/* Begin PBXGroup section */
		FD7CEB021AB2B81400196D24 = {
			isa = PBXGroup;
			children = (
				FD7CEB0D1AB2B81400196D24 /* Exam1_55011212165 */,
				FD7CEB231AB2B81400196D24 /* Exam1_55011212165Tests */,
				FD7CEB0C1AB2B81400196D24 /* Products */,
			);
			sourceTree = "<group>";
		};
		FD7CEB0C1AB2B81400196D24 /* Products */ = {
			isa = PBXGroup;
			children = (
				FD7CEB0B1AB2B81400196D24 /* Exam1_55011212165.app */,
				FD7CEB201AB2B81400196D24 /* Exam1_55011212165Tests.xctest */,
			);
			name = Products;
			sourceTree = "<group>";
		};
		FD7CEB0D1AB2B81400196D24 /* Exam1_55011212165 */ = {
			isa = PBXGroup;
			children = (
				FD7CEB101AB2B81400196D24 /* AppDelegate.swift */,
				FD7CEB121AB2B81400196D24 /* ViewController.swift */,
				FD7CEB141AB2B81400196D24 /* Main.storyboard */,
				FD7CEB171AB2B81400196D24 /* Images.xcassets */,
				FD7CEB191AB2B81400196D24 /* LaunchScreen.xib */,
				FD7CEB0E1AB2B81400196D24 /* Supporting Files */,
			);
			path = Exam1_55011212165;
			sourceTree = "<group>";
		};
		FD7CEB0E1AB2B81400196D24 /* Supporting Files */ = {
			isa = PBXGroup;
			children = (
				FD7CEB0F1AB2B81400196D24 /* Info.plist */,
			);
			name = "Supporting Files";
			sourceTree = "<group>";
		};
		FD7CEB231AB2B81400196D24 /* Exam1_55011212165Tests */ = {
			isa = PBXGroup;
			children = (
				FD7CEB261AB2B81400196D24 /* Exam1_55011212165Tests.swift */,
				FD7CEB241AB2B81400196D24 /* Supporting Files */,
			);
			path = Exam1_55011212165Tests;
			sourceTree = "<group>";
		};
		FD7CEB241AB2B81400196D24 /* Supporting Files */ = {
			isa = PBXGroup;
			children = (
				FD7CEB251AB2B81400196D24 /* Info.plist */,
			);
			name = "Supporting Files";
			sourceTree = "<group>";
		};
/* End PBXGroup section */

/* Begin PBXNativeTarget section */
		FD7CEB0A1AB2B81400196D24 /* Exam1_55011212165 */ = {
			isa = PBXNativeTarget;
			buildConfigurationList = FD7CEB2A1AB2B81400196D24 /* Build configuration list for PBXNativeTarget "Exam1_55011212165" */;
			buildPhases = (
				FD7CEB071AB2B81400196D24 /* Sources */,
				FD7CEB081AB2B81400196D24 /* Frameworks */,
				FD7CEB091AB2B81400196D24 /* Resources */,
			);
			buildRules = (
			);
			dependencies = (
			);
			name = Exam1_55011212165;
			productName = Exam1_55011212165;
			productReference = FD7CEB0B1AB2B81400196D24 /* Exam1_55011212165.app */;
			productType = "com.apple.product-type.application";
		};
		FD7CEB1F1AB2B81400196D24 /* Exam1_55011212165Tests */ = {
			isa = PBXNativeTarget;
			buildConfigurationList = FD7CEB2D1AB2B81400196D24 /* Build configuration list for PBXNativeTarget "Exam1_55011212165Tests" */;
			buildPhases = (
				FD7CEB1C1AB2B81400196D24 /* Sources */,
				FD7CEB1D1AB2B81400196D24 /* Frameworks */,
				FD7CEB1E1AB2B81400196D24 /* Resources */,
			);
			buildRules = (
			);
			dependencies = (
				FD7CEB221AB2B81400196D24 /* PBXTargetDependency */,
			);
			name = Exam1_55011212165Tests;
			productName = Exam1_55011212165Tests;
			productReference = FD7CEB201AB2B81400196D24 /* Exam1_55011212165Tests.xctest */;
			productType = "com.apple.product-type.bundle.unit-test";
		};
/* End PBXNativeTarget section */

/* Begin PBXProject section */
		FD7CEB031AB2B81400196D24 /* Project object */ = {
			isa = PBXProject;
			attributes = {
				LastUpgradeCheck = 0600;
				ORGANIZATIONNAME = iStudents;
				TargetAttributes = {
					FD7CEB0A1AB2B81400196D24 = {
						CreatedOnToolsVersion = 6.0;
					};
					FD7CEB1F1AB2B81400196D24 = {
						CreatedOnToolsVersion = 6.0;
						TestTargetID = FD7CEB0A1AB2B81400196D24;
					};
				};
			};
			buildConfigurationList = FD7CEB061AB2B81400196D24 /* Build configuration list for PBXProject "Exam1_55011212165" */;
			compatibilityVersion = "Xcode 3.2";
			developmentRegion = English;
			hasScannedForEncodings = 0;
			knownRegions = (
				en,
				Base,
			);
			mainGroup = FD7CEB021AB2B81400196D24;
			productRefGroup = FD7CEB0C1AB2B81400196D24 /* Products */;
			projectDirPath = "";
			projectRoot = "";
			targets = (
				FD7CEB0A1AB2B81400196D24 /* Exam1_55011212165 */,
				FD7CEB1F1AB2B81400196D24 /* Exam1_55011212165Tests */,
			);
		};
/* End PBXProject section */

/* Begin PBXResourcesBuildPhase section */
		FD7CEB091AB2B81400196D24 /* Resources */ = {
			isa = PBXResourcesBuildPhase;
			buildActionMask = 2147483647;
			files = (
				FD7CEB161AB2B81400196D24 /* Main.storyboard in Resources */,
				FD7CEB1B1AB2B81400196D24 /* LaunchScreen.xib in Resources */,
				FD7CEB181AB2B81400196D24 /* Images.xcassets in Resources */,
			);
			runOnlyForDeploymentPostprocessing = 0;
		};
		FD7CEB1E1AB2B81400196D24 /* Resources */ = {
			isa = PBXResourcesBuildPhase;
			buildActionMask = 2147483647;
			files = (
			);
			runOnlyForDeploymentPostprocessing = 0;
		};
/* End PBXResourcesBuildPhase section */

/* Begin PBXSourcesBuildPhase section */
		FD7CEB071AB2B81400196D24 /* Sources */ = {
			isa = PBXSourcesBuildPhase;
			buildActionMask = 2147483647;
			files = (
				FD7CEB131AB2B81400196D24 /* ViewController.swift in Sources */,
				FD7CEB111AB2B81400196D24 /* AppDelegate.swift in Sources */,
			);
			runOnlyForDeploymentPostprocessing = 0;
		};
		FD7CEB1C1AB2B81400196D24 /* Sources */ = {
			isa = PBXSourcesBuildPhase;
			buildActionMask = 2147483647;
			files = (
				FD7CEB271AB2B81400196D24 /* Exam1_55011212165Tests.swift in Sources */,
			);
			runOnlyForDeploymentPostprocessing = 0;
		};
/* End PBXSourcesBuildPhase section */

/* Begin PBXTargetDependency section */
		FD7CEB221AB2B81400196D24 /* PBXTargetDependency */ = {
			isa = PBXTargetDependency;
			target = FD7CEB0A1AB2B81400196D24 /* Exam1_55011212165 */;
			targetProxy = FD7CEB211AB2B81400196D24 /* PBXContainerItemProxy */;
		};
/* End PBXTargetDependency section */

/* Begin PBXVariantGroup section */
		FD7CEB141AB2B81400196D24 /* Main.storyboard */ = {
			isa = PBXVariantGroup;
			children = (
				FD7CEB151AB2B81400196D24 /* Base */,
			);
			name = Main.storyboard;
			sourceTree = "<group>";
		};
		FD7CEB191AB2B81400196D24 /* LaunchScreen.xib */ = {
			isa = PBXVariantGroup;
			children = (
				FD7CEB1A1AB2B81400196D24 /* Base */,
			);
			name = LaunchScreen.xib;
			sourceTree = "<group>";
		};
/* End PBXVariantGroup section */

/* Begin XCBuildConfiguration section */
		FD7CEB281AB2B81400196D24 /* Debug */ = {
			isa = XCBuildConfiguration;
			buildSettings = {
				ALWAYS_SEARCH_USER_PATHS = NO;
				CLANG_CXX_LANGUAGE_STANDARD = "gnu++0x";
				CLANG_CXX_LIBRARY = "libc++";
				CLANG_ENABLE_MODULES = YES;
				CLANG_ENABLE_OBJC_ARC = YES;
				CLANG_WARN_BOOL_CONVERSION = YES;
				CLANG_WARN_CONSTANT_CONVERSION = YES;
				CLANG_WARN_DIRECT_OBJC_ISA_USAGE = YES_ERROR;
				CLANG_WARN_EMPTY_BODY = YES;
				CLANG_WARN_ENUM_CONVERSION = YES;
				CLANG_WARN_INT_CONVERSION = YES;
				CLANG_WARN_OBJC_ROOT_CLASS = YES_ERROR;
				CLANG_WARN_UNREACHABLE_CODE = YES;
				CLANG_WARN__DUPLICATE_METHOD_MATCH = YES;
				"CODE_SIGN_IDENTITY[sdk=iphoneos*]" = "iPhone Developer";
				COPY_PHASE_STRIP = NO;
				ENABLE_STRICT_OBJC_MSGSEND = YES;
				GCC_C_LANGUAGE_STANDARD = gnu99;
				GCC_DYNAMIC_NO_PIC = NO;
				GCC_OPTIMIZATION_LEVEL = 0;
				GCC_PREPROCESSOR_DEFINITIONS = (
					"DEBUG=1",
					"$(inherited)",
				);
				GCC_SYMBOLS_PRIVATE_EXTERN = NO;
				GCC_WARN_64_TO_32_BIT_CONVERSION = YES;
				GCC_WARN_ABOUT_RETURN_TYPE = YES_ERROR;
				GCC_WARN_UNDECLARED_SELECTOR = YES;
				GCC_WARN_UNINITIALIZED_AUTOS = YES_AGGRESSIVE;
				GCC_WARN_UNUSED_FUNCTION = YES;
				GCC_WARN_UNUSED_VARIABLE = YES;
				IPHONEOS_DEPLOYMENT_TARGET = 8.0;
				MTL_ENABLE_DEBUG_INFO = YES;
				ONLY_ACTIVE_ARCH = YES;
				SDKROOT = iphoneos;
				SWIFT_OPTIMIZATION_LEVEL = "-Onone";
			};
			name = Debug;
		};
		FD7CEB291AB2B81400196D24 /* Release */ = {
			isa = XCBuildConfiguration;
			buildSettings = {
				ALWAYS_SEARCH_USER_PATHS = NO;
				CLANG_CXX_LANGUAGE_STANDARD = "gnu++0x";
				CLANG_CXX_LIBRARY = "libc++";
				CLANG_ENABLE_MODULES = YES;
				CLANG_ENABLE_OBJC_ARC = YES;
				CLANG_WARN_BOOL_CONVERSION = YES;
				CLANG_WARN_CONSTANT_CONVERSION = YES;
				CLANG_WARN_DIRECT_OBJC_ISA_USAGE = YES_ERROR;
				CLANG_WARN_EMPTY_BODY = YES;
				CLANG_WARN_ENUM_CONVERSION = YES;
				CLANG_WARN_INT_CONVERSION = YES;
				CLANG_WARN_OBJC_ROOT_CLASS = YES_ERROR;
				CLANG_WARN_UNREACHABLE_CODE = YES;
				CLANG_WARN__DUPLICATE_METHOD_MATCH = YES;
				"CODE_SIGN_IDENTITY[sdk=iphoneos*]" = "iPhone Developer";
				COPY_PHASE_STRIP = YES;
				ENABLE_NS_ASSERTIONS = NO;
				ENABLE_STRICT_OBJC_MSGSEND = YES;
				GCC_C_LANGUAGE_STANDARD = gnu99;
				GCC_WARN_64_TO_32_BIT_CONVERSION = YES;
				GCC_WARN_ABOUT_RETURN_TYPE = YES_ERROR;
				GCC_WARN_UNDECLARED_SELECTOR = YES;
				GCC_WARN_UNINITIALIZED_AUTOS = YES_AGGRESSIVE;
				GCC_WARN_UNUSED_FUNCTION = YES;
				GCC_WARN_UNUSED_VARIABLE = YES;
				IPHONEOS_DEPLOYMENT_TARGET = 8.0;
				MTL_ENABLE_DEBUG_INFO = NO;
				SDKROOT = iphoneos;
				VALIDATE_PRODUCT = YES;
			};
			name = Release;
		};
		FD7CEB2B1AB2B81400196D24 /* Debug */ = {
			isa = XCBuildConfiguration;
			buildSettings = {
				ASSETCATALOG_COMPILER_APPICON_NAME = AppIcon;
				INFOPLIST_FILE = Exam1_55011212165/Info.plist;
				LD_RUNPATH_SEARCH_PATHS = "$(inherited) @executable_path/Frameworks";
				PRODUCT_NAME = "$(TARGET_NAME)";
			};
			name = Debug;
		};
		FD7CEB2C1AB2B81400196D24 /* Release */ = {
			isa = XCBuildConfiguration;
			buildSettings = {
				ASSETCATALOG_COMPILER_APPICON_NAME = AppIcon;
				INFOPLIST_FILE = Exam1_55011212165/Info.plist;
				LD_RUNPATH_SEARCH_PATHS = "$(inherited) @executable_path/Frameworks";
				PRODUCT_NAME = "$(TARGET_NAME)";
			};
			name = Release;
		};
		FD7CEB2E1AB2B81400196D24 /* Debug */ = {
			isa = XCBuildConfiguration;
			buildSettings = {
				BUNDLE_LOADER = "$(TEST_HOST)";
				FRAMEWORK_SEARCH_PATHS = (
					"$(SDKROOT)/Developer/Library/Frameworks",
					"$(inherited)",
				);
				GCC_PREPROCESSOR_DEFINITIONS = (
					"DEBUG=1",
					"$(inherited)",
				);
				INFOPLIST_FILE = Exam1_55011212165Tests/Info.plist;
				LD_RUNPATH_SEARCH_PATHS = "$(inherited) @executable_path/Frameworks @loader_path/Frameworks";
				PRODUCT_NAME = "$(TARGET_NAME)";
				TEST_HOST = "$(BUILT_PRODUCTS_DIR)/Exam1_55011212165.app/Exam1_55011212165";
			};
			name = Debug;
		};
		FD7CEB2F1AB2B81400196D24 /* Release */ = {
			isa = XCBuildConfiguration;
			buildSettings = {
				BUNDLE_LOADER = "$(TEST_HOST)";
				FRAMEWORK_SEARCH_PATHS = (
					"$(SDKROOT)/Developer/Library/Frameworks",
					"$(inherited)",
				);
				INFOPLIST_FILE = Exam1_55011212165Tests/Info.plist;
				LD_RUNPATH_SEARCH_PATHS = "$(inherited) @executable_path/Frameworks @loader_path/Frameworks";
				PRODUCT_NAME = "$(TARGET_NAME)";
				TEST_HOST = "$(BUILT_PRODUCTS_DIR)/Exam1_55011212165.app/Exam1_55011212165";
			};
			name = Release;
		};
/* End XCBuildConfiguration section */

/* Begin XCConfigurationList section */
		FD7CEB061AB2B81400196D24 /* Build configuration list for PBXProject "Exam1_55011212165" */ = {
			isa = XCConfigurationList;
			buildConfigurations = (
				FD7CEB281AB2B81400196D24 /* Debug */,
				FD7CEB291AB2B81400196D24 /* Release */,
			);
			defaultConfigurationIsVisible = 0;
			defaultConfigurationName = Release;
		};
		FD7CEB2A1AB2B81400196D24 /* Build configuration list for PBXNativeTarget "Exam1_55011212165" */ = {
			isa = XCConfigurationList;
			buildConfigurations = (
				FD7CEB2B1AB2B81400196D24 /* Debug */,
				FD7CEB2C1AB2B81400196D24 /* Release */,
			);
			defaultConfigurationIsVisible = 0;
		};
		FD7CEB2D1AB2B81400196D24 /* Build configuration list for PBXNativeTarget "Exam1_55011212165Tests" */ = {
			isa = XCConfigurationList;
			buildConfigurations = (
				FD7CEB2E1AB2B81400196D24 /* Debug */,
				FD7CEB2F1AB2B81400196D24 /* Release */,
			);
			defaultConfigurationIsVisible = 0;
		};
/* End XCConfigurationList section */
	};
	rootObject = FD7CEB031AB2B81400196D24 /* Project object */;
}
